
Microsoft Visual Studio Solution File, Format Version 12.00
# Visual Studio Version 17
VisualStudioVersion = 17.11.35327.3
MinimumVisualStudioVersion = 10.0.40219.1
Project("{2150E333-8FDC-42A3-9474-1A3956D46DE8}") = "Apps", "Apps", "{47B4C297-F74F-41BE-9503-E1F8087D303C}"
EndProject
Project("{2150E333-8FDC-42A3-9474-1A3956D46DE8}") = "Business", "Business", "{717C601F-16ED-44D5-9BA2-A1D4D66B4AD7}"
EndProject
Project("{2150E333-8FDC-42A3-9474-1A3956D46DE8}") = "Data", "Data", "{55CF53BE-FA53-44F3-BE37-2C274AD9DA56}"
EndProject
Project("{2150E333-8FDC-42A3-9474-1A3956D46DE8}") = "Domains", "Domains", "{76FB866E-2EEF-4B75-858C-2645375F4ED9}"
EndProject
Project("{2150E333-8FDC-42A3-9474-1A3956D46DE8}") = "Infrastructure", "Infrastructure", "{5B315802-F4A6-4B5B-891A-FA7921CDC274}"
EndProject
Project("{FAE04EC0-301F-11D3-BF4B-00C04F79EFBC}") = "KnowledgeForge.API", "Apps\KnowledgeForge.API\KnowledgeForge.API.csproj", "{61DEA45A-FE99-4A37-B186-E5AD9CD88127}"
EndProject
Project("{FAE04EC0-301F-11D3-BF4B-00C04F79EFBC}") = "KnowledgeForge.Business", "Business\KnowledgeForge.Business\KnowledgeForge.Business.csproj", "{AD8795F5-F5CE-4811-A299-CA77116ED7C6}"
EndProject
Project("{FAE04EC0-301F-11D3-BF4B-00C04F79EFBC}") = "KnowledgeForge.DataAccess", "Data\KnowledgeForge.DataAccess\KnowledgeForge.DataAccess.csproj", "{69A94400-FE9A-43F5-9CC5-BA7203B471E0}"
EndProject
Project("{FAE04EC0-301F-11D3-BF4B-00C04F79EFBC}") = "KnowledgeForge.Seed", "Data\KnowledgeForge.Seed\KnowledgeForge.Seed.csproj", "{A5F1A3E4-3802-40BD-8542-544F962509BF}"
EndProject
Project("{FAE04EC0-301F-11D3-BF4B-00C04F79EFBC}") = "KnowledgeForge.Domains", "Domains\KnowledgeForge.Domains\KnowledgeForge.Domains.csproj", "{CD6BBF8D-0D7B-451E-92F2-7AA7E2BB8124}"
EndProject
Project("{FAE04EC0-301F-11D3-BF4B-00C04F79EFBC}") = "KnowledgeForge.Shared", "Infrastructure\KnowledgeForge.Shared\KnowledgeForge.Shared.csproj", "{F2A48598-1751-4041-A542-97E92AE1E5CE}"
EndProject
Global
	GlobalSection(SolutionConfigurationPlatforms) = preSolution
		Debug|Any CPU = Debug|Any CPU
		Release|Any CPU = Release|Any CPU
	EndGlobalSection
	GlobalSection(ProjectConfigurationPlatforms) = postSolution
		{61DEA45A-FE99-4A37-B186-E5AD9CD88127}.Debug|Any CPU.ActiveCfg = Debug|Any CPU
		{61DEA45A-FE99-4A37-B186-E5AD9CD88127}.Debug|Any CPU.Build.0 = Debug|Any CPU
		{61DEA45A-FE99-4A37-B186-E5AD9CD88127}.Release|Any CPU.ActiveCfg = Release|Any CPU
		{61DEA45A-FE99-4A37-B186-E5AD9CD88127}.Release|Any CPU.Build.0 = Release|Any CPU
		{AD8795F5-F5CE-4811-A299-CA77116ED7C6}.Debug|Any CPU.ActiveCfg = Debug|Any CPU
		{AD8795F5-F5CE-4811-A299-CA77116ED7C6}.Debug|Any CPU.Build.0 = Debug|Any CPU
		{AD8795F5-F5CE-4811-A299-CA77116ED7C6}.Release|Any CPU.ActiveCfg = Release|Any CPU
		{AD8795F5-F5CE-4811-A299-CA77116ED7C6}.Release|Any CPU.Build.0 = Release|Any CPU
		{69A94400-FE9A-43F5-9CC5-BA7203B471E0}.Debug|Any CPU.ActiveCfg = Debug|Any CPU
		{69A94400-FE9A-43F5-9CC5-BA7203B471E0}.Debug|Any CPU.Build.0 = Debug|Any CPU
		{69A94400-FE9A-43F5-9CC5-BA7203B471E0}.Release|Any CPU.ActiveCfg = Release|Any CPU
		{69A94400-FE9A-43F5-9CC5-BA7203B471E0}.Release|Any CPU.Build.0 = Release|Any CPU
		{A5F1A3E4-3802-40BD-8542-544F962509BF}.Debug|Any CPU.ActiveCfg = Debug|Any CPU
		{A5F1A3E4-3802-40BD-8542-544F962509BF}.Debug|Any CPU.Build.0 = Debug|Any CPU
		{A5F1A3E4-3802-40BD-8542-544F962509BF}.Release|Any CPU.ActiveCfg = Release|Any CPU
		{A5F1A3E4-3802-40BD-8542-544F962509BF}.Release|Any CPU.Build.0 = Release|Any CPU
		{CD6BBF8D-0D7B-451E-92F2-7AA7E2BB8124}.Debug|Any CPU.ActiveCfg = Debug|Any CPU
		{CD6BBF8D-0D7B-451E-92F2-7AA7E2BB8124}.Debug|Any CPU.Build.0 = Debug|Any CPU
		{CD6BBF8D-0D7B-451E-92F2-7AA7E2BB8124}.Release|Any CPU.ActiveCfg = Release|Any CPU
		{CD6BBF8D-0D7B-451E-92F2-7AA7E2BB8124}.Release|Any CPU.Build.0 = Release|Any CPU
		{F2A48598-1751-4041-A542-97E92AE1E5CE}.Debug|Any CPU.ActiveCfg = Debug|Any CPU
		{F2A48598-1751-4041-A542-97E92AE1E5CE}.Debug|Any CPU.Build.0 = Debug|Any CPU
		{F2A48598-1751-4041-A542-97E92AE1E5CE}.Release|Any CPU.ActiveCfg = Release|Any CPU
		{F2A48598-1751-4041-A542-97E92AE1E5CE}.Release|Any CPU.Build.0 = Release|Any CPU
	EndGlobalSection
	GlobalSection(SolutionProperties) = preSolution
		HideSolutionNode = FALSE
	EndGlobalSection
	GlobalSection(NestedProjects) = preSolution
		{61DEA45A-FE99-4A37-B186-E5AD9CD88127} = {47B4C297-F74F-41BE-9503-E1F8087D303C}
		{AD8795F5-F5CE-4811-A299-CA77116ED7C6} = {717C601F-16ED-44D5-9BA2-A1D4D66B4AD7}
		{69A94400-FE9A-43F5-9CC5-BA7203B471E0} = {55CF53BE-FA53-44F3-BE37-2C274AD9DA56}
		{A5F1A3E4-3802-40BD-8542-544F962509BF} = {55CF53BE-FA53-44F3-BE37-2C274AD9DA56}
		{CD6BBF8D-0D7B-451E-92F2-7AA7E2BB8124} = {76FB866E-2EEF-4B75-858C-2645375F4ED9}
		{F2A48598-1751-4041-A542-97E92AE1E5CE} = {5B315802-F4A6-4B5B-891A-FA7921CDC274}
	EndGlobalSection
	GlobalSection(ExtensibilityGlobals) = postSolution
		SolutionGuid = {AAD9458F-12FD-423D-A4A8-A49F171167E2}
	EndGlobalSection
EndGlobal
